
Microsoft Visual Studio Solution File, Format Version 12.00
# Visual Studio Version 16
VisualStudioVersion = 16.0.31112.23
MinimumVisualStudioVersion = 10.0.40219.1
Project("{FAE04EC0-301F-11D3-BF4B-00C04F79EFBC}") = "Entidades", "Entidades.csproj", "{40E66B44-339B-4D1D-B11B-37588BA9D7E2}"
EndProject
Project("{FAE04EC0-301F-11D3-BF4B-00C04F79EFBC}") = "MiCalculadora", "..\MiCalculadora\MiCalculadora.csproj", "{0ECA269D-4BF4-4F01-B94A-317045AF9626}"
EndProject
Global
	GlobalSection(SolutionConfigurationPlatforms) = preSolution
		Debug|Any CPU = Debug|Any CPU
		Release|Any CPU = Release|Any CPU
	EndGlobalSection
	GlobalSection(ProjectConfigurationPlatforms) = postSolution
		{40E66B44-339B-4D1D-B11B-37588BA9D7E2}.Debug|Any CPU.ActiveCfg = Debug|Any CPU
		{40E66B44-339B-4D1D-B11B-37588BA9D7E2}.Debug|Any CPU.Build.0 = Debug|Any CPU
		{40E66B44-339B-4D1D-B11B-37588BA9D7E2}.Release|Any CPU.ActiveCfg = Release|Any CPU
		{40E66B44-339B-4D1D-B11B-37588BA9D7E2}.Release|Any CPU.Build.0 = Release|Any CPU
		{0ECA269D-4BF4-4F01-B94A-317045AF9626}.Debug|Any CPU.ActiveCfg = Debug|Any CPU
		{0ECA269D-4BF4-4F01-B94A-317045AF9626}.Debug|Any CPU.Build.0 = Debug|Any CPU
		{0ECA269D-4BF4-4F01-B94A-317045AF9626}.Release|Any CPU.ActiveCfg = Release|Any CPU
		{0ECA269D-4BF4-4F01-B94A-317045AF9626}.Release|Any CPU.Build.0 = Release|Any CPU
	EndGlobalSection
	GlobalSection(SolutionProperties) = preSolution
		HideSolutionNode = FALSE
	EndGlobalSection
	GlobalSection(ExtensibilityGlobals) = postSolution
		SolutionGuid = {D3ECAEDF-D8CE-4382-8C80-CD642D395EBC}
	EndGlobalSection
EndGlobal
